
Microsoft Visual Studio Solution File, Format Version 12.00
# Visual Studio Version 16
VisualStudioVersion = 16.0.30517.126
MinimumVisualStudioVersion = 10.0.40219.1
Project("{FAE04EC0-301F-11D3-BF4B-00C04F79EFBC}") = "TS3Patcher", "TS3Patcher\TS3Patcher.csproj", "{9AECC444-BF1E-40F2-9C2A-A4ED49029310}"
EndProject
Global
	GlobalSection(SolutionConfigurationPlatforms) = preSolution
		Debug|Any CPU = Debug|Any CPU
		Release|Any CPU = Release|Any CPU
	EndGlobalSection
	GlobalSection(ProjectConfigurationPlatforms) = postSolution
		{9AECC444-BF1E-40F2-9C2A-A4ED49029310}.Debug|Any CPU.ActiveCfg = Debug|Any CPU
		{9AECC444-BF1E-40F2-9C2A-A4ED49029310}.Debug|Any CPU.Build.0 = Debug|Any CPU
		{9AECC444-BF1E-40F2-9C2A-A4ED49029310}.Release|Any CPU.ActiveCfg = Release|Any CPU
		{9AECC444-BF1E-40F2-9C2A-A4ED49029310}.Release|Any CPU.Build.0 = Release|Any CPU
	EndGlobalSection
	GlobalSection(SolutionProperties) = preSolution
		HideSolutionNode = FALSE
	EndGlobalSection
	GlobalSection(ExtensibilityGlobals) = postSolution
		SolutionGuid = {F9063340-5B5F-4165-BA81-0DD73B627A36}
	EndGlobalSection
EndGlobal
